
Microsoft Visual Studio Solution File, Format Version 12.00
# Visual Studio 15
VisualStudioVersion = 15.0.28010.2003
MinimumVisualStudioVersion = 10.0.40219.1
Project("{F2A71F9B-5D33-465A-A702-920D77279786}") = "FsharpBlackScholesCore", "FsharpBlackScholesCore\FsharpBlackScholesCore.fsproj", "{12FA9225-45CF-46C7-9E61-EDC6744B1BE7}"
EndProject
Global
	GlobalSection(SolutionConfigurationPlatforms) = preSolution
		Debug|Any CPU = Debug|Any CPU
		Release|Any CPU = Release|Any CPU
	EndGlobalSection
	GlobalSection(ProjectConfigurationPlatforms) = postSolution
		{12FA9225-45CF-46C7-9E61-EDC6744B1BE7}.Debug|Any CPU.ActiveCfg = Debug|Any CPU
		{12FA9225-45CF-46C7-9E61-EDC6744B1BE7}.Debug|Any CPU.Build.0 = Debug|Any CPU
		{12FA9225-45CF-46C7-9E61-EDC6744B1BE7}.Release|Any CPU.ActiveCfg = Release|Any CPU
		{12FA9225-45CF-46C7-9E61-EDC6744B1BE7}.Release|Any CPU.Build.0 = Release|Any CPU
	EndGlobalSection
	GlobalSection(SolutionProperties) = preSolution
		HideSolutionNode = FALSE
	EndGlobalSection
	GlobalSection(ExtensibilityGlobals) = postSolution
		SolutionGuid = {2538C075-1E1E-4494-A11A-B03D51373441}
	EndGlobalSection
EndGlobal
